
Microsoft Visual Studio Solution File, Format Version 12.00
# Visual Studio Version 16
VisualStudioVersion = 16.0.28803.452
MinimumVisualStudioVersion = 10.0.40219.1
Project("{FAE04EC0-301F-11D3-BF4B-00C04F79EFBC}") = "GuoGuoCommunity.API", "GuoGuoCommunity.API\GuoGuoCommunity.API.csproj", "{8A687EA2-505E-4EFB-AB10-FF4C823A5648}"
EndProject
Project("{FAE04EC0-301F-11D3-BF4B-00C04F79EFBC}") = "GuoGuoCommunity.Domain", "GuoGuoCommunity.Domain\GuoGuoCommunity.Domain.csproj", "{C7B4979C-84C0-4DC8-BA40-7D123C223989}"
EndProject
Project("{9092AA53-FB77-4645-B42D-1CCCA6BD08BD}") = "GuoGuoAdminWeb", "GuoGuoAdminWeb\GuoGuoAdminWeb.njsproj", "{0860D8B8-170A-4C65-9BC1-B621D89BA844}"
EndProject
Global
	GlobalSection(SolutionConfigurationPlatforms) = preSolution
		Debug|Any CPU = Debug|Any CPU
		Release|Any CPU = Release|Any CPU
	EndGlobalSection
	GlobalSection(ProjectConfigurationPlatforms) = postSolution
		{8A687EA2-505E-4EFB-AB10-FF4C823A5648}.Debug|Any CPU.ActiveCfg = Debug|Any CPU
		{8A687EA2-505E-4EFB-AB10-FF4C823A5648}.Debug|Any CPU.Build.0 = Debug|Any CPU
		{8A687EA2-505E-4EFB-AB10-FF4C823A5648}.Release|Any CPU.ActiveCfg = Release|Any CPU
		{8A687EA2-505E-4EFB-AB10-FF4C823A5648}.Release|Any CPU.Build.0 = Release|Any CPU
		{C7B4979C-84C0-4DC8-BA40-7D123C223989}.Debug|Any CPU.ActiveCfg = Debug|Any CPU
		{C7B4979C-84C0-4DC8-BA40-7D123C223989}.Debug|Any CPU.Build.0 = Debug|Any CPU
		{C7B4979C-84C0-4DC8-BA40-7D123C223989}.Release|Any CPU.ActiveCfg = Release|Any CPU
		{C7B4979C-84C0-4DC8-BA40-7D123C223989}.Release|Any CPU.Build.0 = Release|Any CPU
		{0860D8B8-170A-4C65-9BC1-B621D89BA844}.Debug|Any CPU.ActiveCfg = Debug|Any CPU
		{0860D8B8-170A-4C65-9BC1-B621D89BA844}.Debug|Any CPU.Build.0 = Debug|Any CPU
		{0860D8B8-170A-4C65-9BC1-B621D89BA844}.Release|Any CPU.ActiveCfg = Release|Any CPU
		{0860D8B8-170A-4C65-9BC1-B621D89BA844}.Release|Any CPU.Build.0 = Release|Any CPU
	EndGlobalSection
	GlobalSection(SolutionProperties) = preSolution
		HideSolutionNode = FALSE
	EndGlobalSection
	GlobalSection(ExtensibilityGlobals) = postSolution
		SolutionGuid = {E68BAC3F-DEB8-46BC-BE81-04CB7CC9A5B6}
	EndGlobalSection
	GlobalSection(TeamFoundationVersionControl) = preSolution
		SccNumberOfProjects = 4
		SccEnterpriseProvider = {4CA58AB2-18FA-4F8D-95D4-32DDF27D184C}
		SccTeamFoundationServer = https://dev.azure.com/guoguosq
		SccLocalPath0 = .
		SccProjectUniqueName1 = GuoGuoCommunity.API\\GuoGuoCommunity.API.csproj
		SccProjectName1 = GuoGuoCommunity.API
		SccLocalPath1 = GuoGuoCommunity.API
		SccProjectUniqueName2 = GuoGuoCommunity.Domain\\GuoGuoCommunity.Domain.csproj
		SccProjectName2 = GuoGuoCommunity.Domain
		SccLocalPath2 = GuoGuoCommunity.Domain
		SccProjectUniqueName3 = GuoGuoAdminWeb\\GuoGuoAdminWeb.njsproj
		SccProjectName3 = GuoGuoAdminWeb
		SccLocalPath3 = GuoGuoAdminWeb
	EndGlobalSection
EndGlobal
